# THIS IS AN AUTOGENERATED FILE. DO NOT EDIT THIS FILE DIRECTLY.
# yarn lockfile v1


"@cryptlex/lexactivator@^3.24.1":
  version "3.24.1"
  resolved "https://registry.npmjs.org/@cryptlex/lexactivator/-/lexactivator-3.24.1.tgz"
  integrity sha512-aWmf3VAaAyR19RRPnRLBbrQQjSsPHKqGfEDvfvwIEXRhYe1KAey9EEv7sx72fgotK12NgvMjnP7/HNsZv9k6fg==
  dependencies:
    detect-libc "~2.0.1"
    node-addon-api "~3.2.1"

"@cryptlex/lexfloatclient@^4.7.7":
  version "4.7.7"
  resolved "https://registry.npmjs.org/@cryptlex/lexfloatclient/-/lexfloatclient-4.7.7.tgz"
  integrity sha512-lXTrXwubgUIhUtawujt5YiTbxlK0x/LyfIVXxE2rFsRXXewOO+cD1+lUBpQmU8r3HauuQ65bZq1acscPIKXSog==
  dependencies:
    detect-libc "~2.0.1"
    node-addon-api "~3.2.1"

detect-libc@~2.0.1:
  version "2.0.2"
  resolved "https://registry.npmjs.org/detect-libc/-/detect-libc-2.0.2.tgz"
  integrity sha512-UX6sGumvvqSaXgdKGUsgZWqcUyIXZ/vZTrlRT/iobiKhGL0zL4d3osHj3uqllWJK+i+sixDS/3COVEOFbupFyw==

keygen@^0.4.0:
  version "0.4.0"
  resolved "https://registry.npmjs.org/keygen/-/keygen-0.4.0.tgz"
  integrity sha512-Fam+Q+CaIsVWneZCBYfea6SQSTEHE4mU8bkqkT7eDOWhLEgOhDZvADDxi6q6dFLtWbeWJ9Z8YgVhBW5WhkH7Xw==

node-addon-api@~3.2.1:
  version "3.2.1"
  resolved "https://registry.npmjs.org/node-addon-api/-/node-addon-api-3.2.1.tgz"
  integrity sha512-mmcei9JghVNDYydghQmeDX8KoAm0FAiYyIcUt/N4nhyAipB17pllZQDOJD2fotxABnt4Mdz+dKTO7eftLg4d0A==
